
Microsoft Visual Studio Solution File, Format Version 12.00
# Visual Studio Version 16
VisualStudioVersion = 16.0.32106.194
MinimumVisualStudioVersion = 10.0.40219.1
Project("{D2ABAB84-BF74-430A-B69E-9DC6D40DDA17}") = "CuboFinalComercio1", "CuboFinalComercio1\CuboFinalComercio1.dwproj", "{3810F4A4-1677-4AD0-B245-4A0FEC7D5EDA}"
EndProject
Global
	GlobalSection(SolutionConfigurationPlatforms) = preSolution
		Development|Default = Development|Default
	EndGlobalSection
	GlobalSection(ProjectConfigurationPlatforms) = postSolution
		{3810F4A4-1677-4AD0-B245-4A0FEC7D5EDA}.Development|Default.ActiveCfg = Development
		{3810F4A4-1677-4AD0-B245-4A0FEC7D5EDA}.Development|Default.Build.0 = Development
		{3810F4A4-1677-4AD0-B245-4A0FEC7D5EDA}.Development|Default.Deploy.0 = Development
	EndGlobalSection
	GlobalSection(SolutionProperties) = preSolution
		HideSolutionNode = FALSE
	EndGlobalSection
	GlobalSection(ExtensibilityGlobals) = postSolution
		SolutionGuid = {D935293E-F50D-4D88-9E20-8CD896A3B151}
	EndGlobalSection
EndGlobal
