
Microsoft Visual Studio Solution File, Format Version 12.00
# Visual Studio Version 16
VisualStudioVersion = 16.0.31005.135
MinimumVisualStudioVersion = 10.0.40219.1
Project("{D2ABAB84-BF74-430A-B69E-9DC6D40DDA17}") = "CuboPrueba", "CuboPrueba\CuboPrueba.dwproj", "{FDB3B6A6-91E5-40E0-B905-D1628E3207BE}"
EndProject
Global
	GlobalSection(SolutionConfigurationPlatforms) = preSolution
		Development|Default = Development|Default
	EndGlobalSection
	GlobalSection(ProjectConfigurationPlatforms) = postSolution
		{FDB3B6A6-91E5-40E0-B905-D1628E3207BE}.Development|Default.ActiveCfg = Development
		{FDB3B6A6-91E5-40E0-B905-D1628E3207BE}.Development|Default.Build.0 = Development
		{FDB3B6A6-91E5-40E0-B905-D1628E3207BE}.Development|Default.Deploy.0 = Development
	EndGlobalSection
	GlobalSection(SolutionProperties) = preSolution
		HideSolutionNode = FALSE
	EndGlobalSection
	GlobalSection(ExtensibilityGlobals) = postSolution
		SolutionGuid = {5E5B7312-4598-4399-9943-C466456D0772}
	EndGlobalSection
EndGlobal
