
Microsoft Visual Studio Solution File, Format Version 12.00
# Visual Studio Version 16
VisualStudioVersion = 16.0.31829.152
MinimumVisualStudioVersion = 10.0.40219.1
Project("{D2ABAB84-BF74-430A-B69E-9DC6D40DDA17}") = "CuboSpa", "CuboSpa\CuboSpa.dwproj", "{A09A8944-DCAB-42FC-B390-66AC2E7E8D05}"
EndProject
Global
	GlobalSection(SolutionConfigurationPlatforms) = preSolution
		Development|Default = Development|Default
	EndGlobalSection
	GlobalSection(ProjectConfigurationPlatforms) = postSolution
		{A09A8944-DCAB-42FC-B390-66AC2E7E8D05}.Development|Default.ActiveCfg = Development
		{A09A8944-DCAB-42FC-B390-66AC2E7E8D05}.Development|Default.Build.0 = Development
		{A09A8944-DCAB-42FC-B390-66AC2E7E8D05}.Development|Default.Deploy.0 = Development
	EndGlobalSection
	GlobalSection(SolutionProperties) = preSolution
		HideSolutionNode = FALSE
	EndGlobalSection
	GlobalSection(ExtensibilityGlobals) = postSolution
		SolutionGuid = {1A5C57B1-AB66-43E4-ADF2-F33FB7CD89E3}
	EndGlobalSection
EndGlobal
