
Microsoft Visual Studio Solution File, Format Version 12.00
# Visual Studio Version 16
VisualStudioVersion = 16.0.32106.194
MinimumVisualStudioVersion = 10.0.40219.1
Project("{D2ABAB84-BF74-430A-B69E-9DC6D40DDA17}") = "ComercioAnalisisCubo", "ComercioAnalisisCubo\ComercioAnalisisCubo.dwproj", "{D92C164C-8ABB-4E25-8166-80ED94C5D728}"
EndProject
Global
	GlobalSection(SolutionConfigurationPlatforms) = preSolution
		Development|Default = Development|Default
	EndGlobalSection
	GlobalSection(ProjectConfigurationPlatforms) = postSolution
		{D92C164C-8ABB-4E25-8166-80ED94C5D728}.Development|Default.ActiveCfg = Development
		{D92C164C-8ABB-4E25-8166-80ED94C5D728}.Development|Default.Build.0 = Development
		{D92C164C-8ABB-4E25-8166-80ED94C5D728}.Development|Default.Deploy.0 = Development
	EndGlobalSection
	GlobalSection(SolutionProperties) = preSolution
		HideSolutionNode = FALSE
	EndGlobalSection
	GlobalSection(ExtensibilityGlobals) = postSolution
		SolutionGuid = {E183C2CB-0323-40B5-9839-77D643302936}
	EndGlobalSection
EndGlobal
