
Microsoft Visual Studio Solution File, Format Version 12.00
# Visual Studio Version 16
VisualStudioVersion = 16.0.31729.503
MinimumVisualStudioVersion = 10.0.40219.1
Project("{159641D6-6404-4A2A-AE62-294DE0FE8301}") = "ISP_Jimdur_02", "ISP_Jimdur_02\ISP_Jimdur_02.dtproj", "{F6D41CA3-C68A-4329-AF92-5EFA52C321A1}"
EndProject
Global
	GlobalSection(SolutionConfigurationPlatforms) = preSolution
		Development|Default = Development|Default
	EndGlobalSection
	GlobalSection(ProjectConfigurationPlatforms) = postSolution
		{F6D41CA3-C68A-4329-AF92-5EFA52C321A1}.Development|Default.ActiveCfg = Development
		{F6D41CA3-C68A-4329-AF92-5EFA52C321A1}.Development|Default.Build.0 = Development
	EndGlobalSection
	GlobalSection(SolutionProperties) = preSolution
		HideSolutionNode = FALSE
	EndGlobalSection
	GlobalSection(ExtensibilityGlobals) = postSolution
		SolutionGuid = {A17420E2-4D09-4E24-A688-0DC19E5AC640}
	EndGlobalSection
EndGlobal
